
Microsoft Visual Studio Solution File, Format Version 12.00
# Visual Studio Version 16
VisualStudioVersion = 25.0.1706.0
MinimumVisualStudioVersion = 10.0.40219.1
Project("{FAE04EC0-301F-11D3-BF4B-00C04F79EFBC}") = "veterinariansapi", "veterinariansapi\veterinariansapi.csproj", "{21242DFA-8775-41C2-AAD4-249896024C79}"
EndProject
Global
	GlobalSection(SolutionConfigurationPlatforms) = preSolution
		Debug|Any CPU = Debug|Any CPU
		Release|Any CPU = Release|Any CPU
	EndGlobalSection
	GlobalSection(ProjectConfigurationPlatforms) = postSolution
		{21242DFA-8775-41C2-AAD4-249896024C79}.Debug|Any CPU.ActiveCfg = Debug|Any CPU
		{21242DFA-8775-41C2-AAD4-249896024C79}.Debug|Any CPU.Build.0 = Debug|Any CPU
		{21242DFA-8775-41C2-AAD4-249896024C79}.Release|Any CPU.ActiveCfg = Release|Any CPU
		{21242DFA-8775-41C2-AAD4-249896024C79}.Release|Any CPU.Build.0 = Release|Any CPU
	EndGlobalSection
	GlobalSection(SolutionProperties) = preSolution
		HideSolutionNode = FALSE
	EndGlobalSection
	GlobalSection(ExtensibilityGlobals) = postSolution
		SolutionGuid = {D38FAC91-EE42-495C-8821-7F77BC528221}
	EndGlobalSection
EndGlobal
